{"1.1.0",
[{<<"acceptor_pool">>,{pkg,<<"acceptor_pool">>,<<"1.0.0-rc.0">>},1},
 {<<"basho_stats">>,{pkg,<<"basho_stats">>,<<"1.0.3">>},1},
 {<<"bear">>,{pkg,<<"bear">>,<<"0.8.7">>},1},
 {<<"blume">>,{pkg,<<"blume">>,<<"0.1.1">>},1},
 {<<"chash">>,{pkg,<<"chash">>,<<"0.1.2">>},1},
 {<<"clique">>,
  {git,"https://github.com/Kyorai/clique.git",
       {ref,"57ae3909329db8724c3bed283dd930282f9bec2b"}},
  1},
 {<<"cuttlefish">>,{pkg,<<"cuttlefish">>,<<"2.0.12">>},1},
 {<<"edown">>,
  {git,"git://github.com/uwiger/edown.git",
       {ref,"b7c8eb0ac1859f8fce11cbfe3526f5ec83194776"}},
  2},
 {<<"eleveldb">>,{pkg,<<"eleveldb">>,<<"2.2.20">>},1},
 {<<"eredis">>,
  {git,"git://github.com/wooga/eredis.git",
       {ref,"6845ed50e13f456ecd115bcf9de666a58a1529dc"}},
  1},
 {<<"exometer_core">>,
  {git,"git://github.com/basho/exometer_core.git",
       {ref,"3e1516837e15918a7514a78d5126199e3deac989"}},
  0},
 {<<"folsom">>,{pkg,<<"folsom">>,<<"0.8.8">>},0},
 {<<"gen_fsm_compat">>,{pkg,<<"gen_fsm_compat">>,<<"0.3.0">>},1},
 {<<"getopt">>,{pkg,<<"getopt">>,<<"0.8.2">>},2},
 {<<"goldrush">>,{pkg,<<"goldrush">>,<<"0.1.9">>},0},
 {<<"jam">>,{pkg,<<"jam">>,<<"1.0.0">>},1},
 {<<"jsx">>,{pkg,<<"jsx">>,<<"2.8.0">>},1},
 {<<"lager">>,
  {git,"https://github.com/basho/lager.git",
       {ref,"81eaef0ce98fdbf64ab95665e3bc2ec4b24c7dac"}},
  0},
 {<<"parse_trans">>,
  {git,"git://github.com/uwiger/parse_trans.git",
       {ref,"a210adafdfbb904d156d8f22abd5fb58fc17de1e"}},
  1},
 {<<"partisan">>,
  {git,"git://github.com/lasp-lang/partisan",
       {ref,"5119f05d8e7864819ed2748e44c501878a22aa18"}},
  0},
 {<<"pbkdf2">>,
  {git,"git://github.com/marianoguerra/erlang-pbkdf2-no-history",
       {ref,"b8561cf72b13497ee498ce00bb80e5f2d24f512f"}},
  0},
 {<<"poolboy">>,
  {git,"https://github.com/Kyorai/poolboy.git",
       {ref,"58ae8431dcf9cc69045d618417e5e6e74c7e8dde"}},
  0},
 {<<"quickrand">>,{pkg,<<"quickrand">>,<<"1.7.5">>},2},
 {<<"rand_compat">>,{pkg,<<"rand_compat">>,<<"0.0.3">>},1},
 {<<"riak_core">>,
  {git,"git://github.com/lasp-lang/riak_core",
       {ref,"ba4818aedef9cf961fe97d7357457266d9d0aab9"}},
  0},
 {<<"riak_core_partisan_utils">>,
  {git,"git://github.com/lasp-lang/riak_core_partisan_utils",
       {ref,"c1e4941a60796dcf754c7eb9df61fb17b1c5498e"}},
  0},
 {<<"riak_ensemble">>,
  {git,"git://github.com/Kyorai/riak_ensemble",
       {ref,"439512412860a33c788aaa25bb07540564b84f77"}},
  0},
 {<<"riak_sysmon">>,
  {git,"https://github.com/Kyorai/riak_sysmon.git",
       {ref,"086930e5641b6a0b0ce659f115e35b1f84780ef2"}},
  1},
 {<<"setup">>,
  {git,"git://github.com/basho/setup.git",
       {ref,"4878261b8859909569509ad67f6efefb735651f0"}},
  1},
 {<<"stacktrace_compat">>,{pkg,<<"stacktrace_compat">>,<<"1.0.1">>},1},
 {<<"time_compat">>,{pkg,<<"time_compat">>,<<"0.0.1">>},1},
 {<<"types">>,{pkg,<<"types">>,<<"0.1.8">>},1},
 {<<"uuid">>,{pkg,<<"uuid_erl">>,<<"1.7.5">>},1}]}.
[
{pkg_hash,[
 {<<"acceptor_pool">>, <<"679D741DF87FC13599B1AEF2DF8F78F1F880449A6BEFAB7C44FB6FAE0E92A2DE">>},
 {<<"basho_stats">>, <<"7E1174151509C64FCC1934120ED32295E14F84DAAE7F84926BA2C8D3700D146C">>},
 {<<"bear">>, <<"16264309AE5D005D03718A5C82641FCC259C9E8F09ADEB6FD79CA4271168656F">>},
 {<<"blume">>, <<"CFB4F43688690BA81C6A79F54E4678CFD5FDEDAB692F277AE740AE4A3897360D">>},
 {<<"chash">>, <<"AF02484F2640C653C4B9A8557A14CA0704989DBEDB27E7CCBC442F1903A3BCA7">>},
 {<<"cuttlefish">>, <<"1441A12BCE207F7FC796A4DA50D47080D21E83E15309AD6496DE27840A54D5FC">>},
 {<<"eleveldb">>, <<"1FFF63A5055BBF4BF821F797EF76065882B193F5E8095F95FCD9287187773B58">>},
 {<<"folsom">>, <<"9A2B02010F6727CB1948EF34E21CB66F3554B63355C3A31E8BCB10FB172C3170">>},
 {<<"gen_fsm_compat">>, <<"5903549F67D595F58A7101154CBE0FDD46955FBFBE40813F1E53C23A970FF5F4">>},
 {<<"getopt">>, <<"B17556DB683000BA50370B16C0619DF1337E7AF7ECBF7D64FBF8D1D6BCE3109B">>},
 {<<"goldrush">>, <<"F06E5D5F1277DA5C413E84D5A2924174182FB108DABB39D5EC548B27424CD106">>},
 {<<"jam">>, <<"ED9B180F2F3A775E6A47AC490954976802F0638C19A393F3E86D4BA4CF890582">>},
 {<<"jsx">>, <<"749BEC6D205C694AE1786D62CEA6CC45A390437E24835FD16D12D74F07097727">>},
 {<<"quickrand">>, <<"E3086A153EB13A057FC19192D05E2D4C6BB2BDBB55746A699BEAE9847AC17CA8">>},
 {<<"rand_compat">>, <<"011646BC1F0B0C432FE101B816F25B9BBB74A085713CEE1DAFD2D62E9415EAD3">>},
 {<<"stacktrace_compat">>, <<"9769D80AE7B09E0BE405927561127D410FEC7A340E52E9286CE1F73DD1639095">>},
 {<<"time_compat">>, <<"23FE0AD1FDF3B5B88821B2D04B4B5E865BF587AE66056D671FE0F53514ED8139">>},
 {<<"types">>, <<"5782B67231E8C174FE2835395E71E669FE0121076779D2A09F1C0D58EE0E2F13">>},
 {<<"uuid">>, <<"3862FF9A21C42566DFD0376B97512FA202922897129E09A05E2AFA0D9CAFD97A">>}]}
].
